{
  "lockfileVersion": 1,
  "configVersion": 1,
  "workspaces": {
    "": {
      "name": "audiobookphile-backend",
      "dependencies": {
        "@aws-sdk/client-s3": "^3.1085.0",
        "@aws-sdk/s3-request-presigner": "^3.1085.0",
      },
      "devDependencies": {
        "@evilmartians/lefthook": "^2.1.9",
        "supabase": "^2.98.2",
      },
    },
  },
  "packages": {
    "@aws-sdk/checksums": ["@aws-sdk/checksums@3.1000.16", "", { "dependencies": { "@aws-sdk/core": "^3.975.1", "@aws-sdk/types": "^3.974.0", "@smithy/core": "^3.29.2", "@smithy/types": "^4.16.0", "tslib": "^2.6.2" } }, "sha512-EKnvkXSmz3IpA99tCNuI+dLFXyZyClSm8zns9sB/elvkU+MTuomAs6toJMPMBf98/fICG/urXDkzGz0/c3yyAQ=="],

    "@aws-sdk/client-s3": ["@aws-sdk/client-s3@3.1085.0", "", { "dependencies": { "@aws-sdk/checksums": "^3.1000.16", "@aws-sdk/core": "^3.975.1", "@aws-sdk/credential-provider-node": "^3.972.66", "@aws-sdk/middleware-sdk-s3": "^3.972.62", "@aws-sdk/signature-v4-multi-region": "^3.996.39", "@aws-sdk/types": "^3.974.0", "@smithy/core": "^3.29.2", "@smithy/fetch-http-handler": "^5.6.4", "@smithy/node-http-handler": "^4.9.4", "@smithy/types": "^4.16.0", "tslib": "^2.6.2" } }, "sha512-O0xe8sR50AYkwxlvRRsV0qytEO2dtXQTQ1CF3YBBdE5xtVkbu27H0vGa1mjQi1/+fbYM80AWEIPai5jZmXyubw=="],

    "@aws-sdk/core": ["@aws-sdk/core@3.975.1", "", { "dependencies": { "@aws-sdk/types": "^3.974.0", "@aws-sdk/xml-builder": "^3.972.34", "@aws/lambda-invoke-store": "^0.3.0", "@smithy/core": "^3.29.2", "@smithy/signature-v4": "^5.6.3", "@smithy/types": "^4.16.0", "bowser": "^2.11.0", "tslib": "^2.6.2" } }, "sha512-8qh/6EYb7hl/ZwVfQufhbMEZs1gQIc7GbdrIf4eprQJ7cv042+74nE6l3YDfyWNzb9iPXb8fRyYSHkNIk5eE6Q=="],

    "@aws-sdk/credential-provider-env": ["@aws-sdk/credential-provider-env@3.972.57", "", { "dependencies": { "@aws-sdk/core": "^3.975.1", "@aws-sdk/types": "^3.974.0", "@smithy/core": "^3.29.2", "@smithy/types": "^4.16.0", "tslib": "^2.6.2" } }, "sha512-1RfJaF7SW1TOnvNGU7kaYjwUf5H3sfm+synGH1bHhRlqcnxCt3szebH3dmKEyY4tuGcbQ6ffzUT89cRitBV8OQ=="],

    "@aws-sdk/credential-provider-http": ["@aws-sdk/credential-provider-http@3.972.59", "", { "dependencies": { "@aws-sdk/core": "^3.975.1", "@aws-sdk/types": "^3.974.0", "@smithy/core": "^3.29.2", "@smithy/fetch-http-handler": "^5.6.4", "@smithy/node-http-handler": "^4.9.4", "@smithy/types": "^4.16.0", "tslib": "^2.6.2" } }, "sha512-sRCkpTiFnCdQvuaRVjQ6SVoHu6i7RUpurVo1c4F81HWhPvUJ7Wdp5MNtSdX1O29CNXc8em3O5m52hCjVtAD9SA=="],

    "@aws-sdk/credential-provider-ini": ["@aws-sdk/credential-provider-ini@3.973.1", "", { "dependencies": { "@aws-sdk/core": "^3.975.1", "@aws-sdk/credential-provider-env": "^3.972.57", "@aws-sdk/credential-provider-http": "^3.972.59", "@aws-sdk/credential-provider-login": "^3.972.63", "@aws-sdk/credential-provider-process": "^3.972.57", "@aws-sdk/credential-provider-sso": "^3.973.1", "@aws-sdk/credential-provider-web-identity": "^3.972.63", "@aws-sdk/nested-clients": "^3.997.31", "@aws-sdk/types": "^3.974.0", "@smithy/core": "^3.29.2", "@smithy/credential-provider-imds": "^4.4.7", "@smithy/types": "^4.16.0", "tslib": "^2.6.2" } }, "sha512-6d8H6ZAh3ZPKZ6fe1nG2OWeZEZPtt9ravoD1dezPdPtsSkJRoxGAnFSHwKT3E/Te6fHE30zRzjV6TD12rvF6yQ=="],

    "@aws-sdk/credential-provider-login": ["@aws-sdk/credential-provider-login@3.972.63", "", { "dependencies": { "@aws-sdk/core": "^3.975.1", "@aws-sdk/nested-clients": "^3.997.31", "@aws-sdk/types": "^3.974.0", "@smithy/core": "^3.29.2", "@smithy/types": "^4.16.0", "tslib": "^2.6.2" } }, "sha512-GREWRrMj0XnNKMaVa/Mauoaui26qBEHu71WWqXbwZOu/jFQOnPZjTf7u0KtGKC8VGa6VUs9kDWGgocrKNLS9vw=="],

    "@aws-sdk/credential-provider-node": ["@aws-sdk/credential-provider-node@3.972.66", "", { "dependencies": { "@aws-sdk/credential-provider-env": "^3.972.57", "@aws-sdk/credential-provider-http": "^3.972.59", "@aws-sdk/credential-provider-ini": "^3.973.1", "@aws-sdk/credential-provider-process": "^3.972.57", "@aws-sdk/credential-provider-sso": "^3.973.1", "@aws-sdk/credential-provider-web-identity": "^3.972.63", "@aws-sdk/types": "^3.974.0", "@smithy/core": "^3.29.2", "@smithy/credential-provider-imds": "^4.4.7", "@smithy/types": "^4.16.0", "tslib": "^2.6.2" } }, "sha512-f+qjRXZpz7sgzbc4QB+6nLKfyKFgRRXzWdXbsKPv/VhVRyHsDyq4yBWC/B75BAJpFIcUeI2XR/3gdWJ677zB4A=="],

    "@aws-sdk/credential-provider-process": ["@aws-sdk/credential-provider-process@3.972.57", "", { "dependencies": { "@aws-sdk/core": "^3.975.1", "@aws-sdk/types": "^3.974.0", "@smithy/core": "^3.29.2", "@smithy/types": "^4.16.0", "tslib": "^2.6.2" } }, "sha512-TiVQhuU0pbhIZAUZacbPHMyzrIdiH+lnx+PMY/Pu/b93dJrq3wdZwzUJ0TPpvNxaqbHsxJvQZW3/h/beLiKq7Q=="],

    "@aws-sdk/credential-provider-sso": ["@aws-sdk/credential-provider-sso@3.973.1", "", { "dependencies": { "@aws-sdk/core": "^3.975.1", "@aws-sdk/nested-clients": "^3.997.31", "@aws-sdk/token-providers": "3.1083.0", "@aws-sdk/types": "^3.974.0", "@smithy/core": "^3.29.2", "@smithy/types": "^4.16.0", "tslib": "^2.6.2" } }, "sha512-3foTZUJ4821Ij60X7K3NJroygiZLnbBmarN+T//O2cjkISan90zElN3NBmgSlDrTQ7Gs6z/yO8V7h60QNcDZHQ=="],

    "@aws-sdk/credential-provider-web-identity": ["@aws-sdk/credential-provider-web-identity@3.972.63", "", { "dependencies": { "@aws-sdk/core": "^3.975.1", "@aws-sdk/nested-clients": "^3.997.31", "@aws-sdk/types": "^3.974.0", "@smithy/core": "^3.29.2", "@smithy/types": "^4.16.0", "tslib": "^2.6.2" } }, "sha512-8qZLFhM69eKcS37m459ctPR05Qimycm/74OPVioe6wNZabMT54GYhwBju0+J656RkMasNSawWQu+c8CmBe3TUQ=="],

    "@aws-sdk/middleware-sdk-s3": ["@aws-sdk/middleware-sdk-s3@3.972.62", "", { "dependencies": { "@aws-sdk/core": "^3.975.1", "@aws-sdk/signature-v4-multi-region": "^3.996.39", "@aws-sdk/types": "^3.974.0", "@smithy/core": "^3.29.2", "@smithy/types": "^4.16.0", "tslib": "^2.6.2" } }, "sha512-k8JJwYXVYlOOjWnPZDThQS1xDFJgi5Dokt73qFlDtrZAbdcint5aIdjB9XgJAAQVP5OoqcefQmh1FYXiPpvsvw=="],

    "@aws-sdk/nested-clients": ["@aws-sdk/nested-clients@3.997.31", "", { "dependencies": { "@aws-sdk/core": "^3.975.1", "@aws-sdk/signature-v4-multi-region": "^3.996.39", "@aws-sdk/types": "^3.974.0", "@smithy/core": "^3.29.2", "@smithy/fetch-http-handler": "^5.6.4", "@smithy/node-http-handler": "^4.9.4", "@smithy/types": "^4.16.0", "tslib": "^2.6.2" } }, "sha512-BDHTpwcsZHEBNEJzOg/B1BkFYJxAXY50dau/NyVWs3d51F0WgIUGSWZot/Os+N3KpDhXeaXnz37mWffAvduREw=="],

    "@aws-sdk/s3-request-presigner": ["@aws-sdk/s3-request-presigner@3.1085.0", "", { "dependencies": { "@aws-sdk/core": "^3.975.1", "@aws-sdk/signature-v4-multi-region": "^3.996.39", "@aws-sdk/types": "^3.974.0", "@smithy/core": "^3.29.2", "@smithy/types": "^4.16.0", "tslib": "^2.6.2" } }, "sha512-h8fv0zGAHPCjCpmAYdCeFE6trxXxLRxza0NRIajMZdnFgugtcIWcRAdAtc7rHvRTaXsej/I5YWXbq9SgKuCKow=="],

    "@aws-sdk/signature-v4-multi-region": ["@aws-sdk/signature-v4-multi-region@3.996.39", "", { "dependencies": { "@aws-sdk/types": "^3.974.0", "@smithy/signature-v4": "^5.6.3", "@smithy/types": "^4.16.0", "tslib": "^2.6.2" } }, "sha512-8+srXqYIF8KYMLC4FxMLEM5Ek7kUNibJu1R4m8/fUhhNYIZZz26oGtKkCr8I/HiG2fFQxBvaGgQZT4/mqRCSnA=="],

    "@aws-sdk/token-providers": ["@aws-sdk/token-providers@3.1083.0", "", { "dependencies": { "@aws-sdk/core": "^3.975.1", "@aws-sdk/nested-clients": "^3.997.31", "@aws-sdk/types": "^3.974.0", "@smithy/core": "^3.29.2", "@smithy/types": "^4.16.0", "tslib": "^2.6.2" } }, "sha512-s0woKnxuHrExLc5L2ArIH5BMkbonHPtt+5hSBM8oknp9M6QTuUmmAmJ2E0EdzCGONrO+8+ADPqvv6UX0nNcc7A=="],

    "@aws-sdk/types": ["@aws-sdk/types@3.974.0", "", { "dependencies": { "@smithy/types": "^4.16.0", "tslib": "^2.6.2" } }, "sha512-QIBrw90CDm4O0UaIIzkU6DrFdeJzEb2Va5EPEVpyldj6sHJxB6cshhStJuhZxk3wR3PmjJlYsjPmY1kNb+KGBg=="],

    "@aws-sdk/xml-builder": ["@aws-sdk/xml-builder@3.972.34", "", { "dependencies": { "@smithy/types": "^4.16.0", "tslib": "^2.6.2" } }, "sha512-wHhWL1y7sN3enBA8POrPpQM5jCcmu2ozyhbRei4c8OjVcEaEs6yLucLa/pla457ggS/ysuy7bosagz3HaJkZXA=="],

    "@aws/lambda-invoke-store": ["@aws/lambda-invoke-store@0.3.0", "", {}, "sha512-sl4Bm6yiMNYrZKkqqDFWN0UfnWhlS8ivKxrYl+6t0gCLrqr8y3B2IqZZbFRkfaVVp7C/baApyh71P+LeE1A2sQ=="],

    "@evilmartians/lefthook": ["@evilmartians/lefthook@2.1.9", "", { "os": [ "linux", "win32", "darwin", ], "cpu": [ "x64", "ia32", "arm64", ], "bin": { "lefthook": "bin/index.js" } }, "sha512-+odrq63LQ5kbkmMocXyciavBpvmubPyrrYY3GTgPN5wIi0cIxsDF26ZrozNfGXILbQiM6F6KRHXJZu6Bz9U95A=="],

    "@smithy/core": ["@smithy/core@3.29.3", "", { "dependencies": { "@smithy/types": "^4.16.1", "tslib": "^2.6.2" } }, "sha512-L+Ys6ecjk5vwPMAKHBpPKlJ3DkqwNcnfEISXBZIsVvWG/XKXfsAP8mwIYlTeLcd2ElHdesPI8OuOmJSFAPhm6A=="],

    "@smithy/credential-provider-imds": ["@smithy/credential-provider-imds@4.4.8", "", { "dependencies": { "@smithy/core": "^3.29.3", "@smithy/types": "^4.16.1", "tslib": "^2.6.2" } }, "sha512-q9J7JTiXrAhB8sDp4px97uEPT7CwKH61Co78grdNQvU8QZAdiuaSRhP0tUVf2ogy36RZTrlMU1rBmDEH+cnkiA=="],

    "@smithy/fetch-http-handler": ["@smithy/fetch-http-handler@5.6.5", "", { "dependencies": { "@smithy/core": "^3.29.3", "@smithy/types": "^4.16.1", "tslib": "^2.6.2" } }, "sha512-SuqeisTyPoiIPtIYru/sGxGyXzmZ+8nnFOhC+qRPglt06Ebd1yH//CDltZB2J/3WBNVhwfUaZ0EtHB3cm2X32g=="],

    "@smithy/node-http-handler": ["@smithy/node-http-handler@4.9.5", "", { "dependencies": { "@smithy/core": "^3.29.3", "@smithy/types": "^4.16.1", "tslib": "^2.6.2" } }, "sha512-bNqdxTQTxmLbomSmlkZFz8L6B/feQ2HHzw4L2zY7Ecp2XffYAZq2uzdWDdxJHJFbEvqd+SRuluJso0P8+xPdbw=="],

    "@smithy/signature-v4": ["@smithy/signature-v4@5.6.4", "", { "dependencies": { "@smithy/core": "^3.29.3", "@smithy/types": "^4.16.1", "tslib": "^2.6.2" } }, "sha512-B89bpf2t/y/wia6LZ+4JfHXYQT9PnVftsH05rgJKKIStS7r/4XSs9HOjtPoLtgcA6HCW9jVqX5DBbq7E0PAkiQ=="],

    "@smithy/types": ["@smithy/types@4.16.1", "", { "dependencies": { "tslib": "^2.6.2" } }, "sha512-0JFs3V2y2M9tKW5na/qxe69Zv+uxLMO7QBbhxF/FHu/Gp2NFZAAL9tWl9PU02xxo07pb3G9FTyjNc6D5uZrJIg=="],

    "@supabase/cli-darwin-arm64": ["@supabase/cli-darwin-arm64@2.106.0", "", { "os": "darwin", "cpu": "arm64" }, "sha512-xi/IAjjbebh6xA9Nkkb7ZwC5ACKJ38OqMoYk1y20ScW5Wt+pxTCcOcaWDWu+2u2Pwc3vTYnXhbknVcQt9UcChQ=="],

    "@supabase/cli-darwin-x64": ["@supabase/cli-darwin-x64@2.106.0", "", { "os": "darwin", "cpu": "x64" }, "sha512-AT2s/8/3Ffb7IkcUXK6sA/iPCzJhh4Fh/XqzAGNGsVd1xCA/ZGniqU8BL03TqPkN1sR0iDaShjMLLIlHEflyPQ=="],

    "@supabase/cli-linux-arm64": ["@supabase/cli-linux-arm64@2.106.0", "", { "os": "linux", "cpu": "arm64" }, "sha512-L/pX7fkV31x7zPrUOcD6KMtZ03j16o41XxgkACFoOAE9lFz8KaJOBSHvn2QLeWEa2kLz7jwpisvpshPSMjuxOw=="],

    "@supabase/cli-linux-arm64-musl": ["@supabase/cli-linux-arm64-musl@2.106.0", "", { "os": "linux", "cpu": "arm64" }, "sha512-2LExuOHuU6odXorNTvq4M/OvueW+wOs3KDsaCpk+scQMnB6LbmqNidEjXAsKpZu3zyE8MmmtdbJBlRNN/KLdcw=="],

    "@supabase/cli-linux-x64": ["@supabase/cli-linux-x64@2.106.0", "", { "os": "linux", "cpu": "x64" }, "sha512-+ihtqFNURc8ssULgQoHQBR4AtUmxez9dtqjclqOV0y5r65SX7Ginmiby4XDW9LPlqHT+MB7OyD1vk0T6pQUtPA=="],

    "@supabase/cli-linux-x64-musl": ["@supabase/cli-linux-x64-musl@2.106.0", "", { "os": "linux", "cpu": "x64" }, "sha512-wz7heB3wwzmRdLRgqngd2VjPPNIdv6/Y8Q0dX/ZvjcL9/Nk8BYSZ7yjypapLpra+swRnbEJ4jAU6eAShiaB1Hg=="],

    "@supabase/cli-windows-arm64": ["@supabase/cli-windows-arm64@2.106.0", "", { "os": "win32", "cpu": "arm64" }, "sha512-QkEfRDiuuQwcfASo2DIJZ59AFV6xpqhPNo4r0kSVt38StYk3iL7ZcSOkZvGQWLlJ8kXKPBWEMhLnfHQF9r+Xfg=="],

    "@supabase/cli-windows-x64": ["@supabase/cli-windows-x64@2.106.0", "", { "os": "win32", "cpu": "x64" }, "sha512-1tQFbrH1KJhWJqHrY087XPz1WRi20eKG1pebG+6PjSD6XN+j0+x1PTOtBZrylXgY1fOg8BqgU8kl3KX8hI5l9w=="],

    "bowser": ["bowser@2.14.1", "", {}, "sha512-tzPjzCxygAKWFOJP011oxFHs57HzIhOEracIgAePE4pqB3LikALKnSzUyU4MGs9/iCEUuHlAJTjTc5M+u7YEGg=="],

    "supabase": ["supabase@2.106.0", "", { "optionalDependencies": { "@supabase/cli-darwin-arm64": "2.106.0", "@supabase/cli-darwin-x64": "2.106.0", "@supabase/cli-linux-arm64": "2.106.0", "@supabase/cli-linux-arm64-musl": "2.106.0", "@supabase/cli-linux-x64": "2.106.0", "@supabase/cli-linux-x64-musl": "2.106.0", "@supabase/cli-windows-arm64": "2.106.0", "@supabase/cli-windows-x64": "2.106.0" }, "bin": { "supabase": "dist/supabase.js" } }, "sha512-jV0PJi5LqXUMZ4kriRLvST3DX1YDhrxOgnFJLOn6oUw3KQEFJPXhA60yLQ9aWG1E1uZCp4vUJwSuSGq3HPfaSQ=="],

    "tslib": ["tslib@2.8.1", "", {}, "sha512-oJFu94HQb+KVduSUQL7wnpmqnfmLsOA/nAh6b6EH0wCEoK0/mPeXU6c3wKDV83MkOuHPRHtSXKKU99IBazS/2w=="],
  }
}
